
Microsoft Visual Studio Solution File, Format Version 12.00
# Visual Studio Version 17
VisualStudioVersion = 17.2.32630.192
MinimumVisualStudioVersion = 10.0.40219.1
Project("{9A19103F-16F7-4668-BE54-9A1E7A4F7556}") = "R5T.T0031.Construction", "R5T.T0031.Construction\R5T.T0031.Construction.csproj", "{5F9A27FD-3A89-401A-A8D6-E41EC3B6FA5F}"
EndProject
Project("{9A19103F-16F7-4668-BE54-9A1E7A4F7556}") = "R5T.T0031", "R5T.T0031\R5T.T0031.csproj", "{7C3904C1-A239-4E03-A674-42246418AE0B}"
EndProject
Project("{FAE04EC0-301F-11D3-BF4B-00C04F79EFBC}") = "R5T.T0031.Abstractions", "R5T.T0031.Abstractions\R5T.T0031.Abstractions.csproj", "{1B261031-83AE-47D2-B22F-7B4860CCD8F8}"
EndProject
Project("{FAE04EC0-301F-11D3-BF4B-00C04F79EFBC}") = "R5T.T0031.T001", "R5T.T0031.T001\R5T.T0031.T001.csproj", "{1F7F723B-E19D-4C07-846A-DB506A6F068E}"
EndProject
Project("{FAE04EC0-301F-11D3-BF4B-00C04F79EFBC}") = "R5T.T0031.T001.Abstractions", "R5T.T0031.T001.Abstractions\R5T.T0031.T001.Abstractions.csproj", "{88B26C73-E8F2-4E7A-B491-CF1EA8397B05}"
EndProject
Project("{2150E333-8FDC-42A3-9474-1A3956D46DE8}") = "_Dependencies", "_Dependencies", "{E54E2724-818F-403A-A87D-7D11F32D23BB}"
EndProject
Project("{9A19103F-16F7-4668-BE54-9A1E7A4F7556}") = "R5T.Dacia", "..\..\R5T.Dacia\source\R5T.Dacia\R5T.Dacia.csproj", "{3A7A6CB9-8BCC-4C14-B5E5-DF28BF193B41}"
EndProject
Project("{9A19103F-16F7-4668-BE54-9A1E7A4F7556}") = "R5T.Dacia.Extensions", "..\..\R5T.Dacia.Extensions\source\R5T.Dacia.Extensions\R5T.Dacia.Extensions.csproj", "{8B7EF3D0-1AC6-4480-B287-9528AC1D6D7C}"
EndProject
Project("{FAE04EC0-301F-11D3-BF4B-00C04F79EFBC}") = "R5T.T0031.T001.X001", "R5T.T0031.T001.X001\R5T.T0031.T001.X001.csproj", "{428A9605-9E17-48E4-A34E-27355F408967}"
EndProject
Project("{FAE04EC0-301F-11D3-BF4B-00C04F79EFBC}") = "R5T.T0031.X001", "R5T.T0031.X001\R5T.T0031.X001.csproj", "{FD49819C-9F8C-4E3D-93F3-22E819D6EF15}"
EndProject
Project("{9A19103F-16F7-4668-BE54-9A1E7A4F7556}") = "R5T.Lombardy.Base", "..\..\R5T.Lombardy.Base\source\R5T.Lombardy.Base\R5T.Lombardy.Base.csproj", "{9530829B-46B8-4678-835B-00A06C81DE1F}"
EndProject
Project("{9A19103F-16F7-4668-BE54-9A1E7A4F7556}") = "R5T.Gepidia.Base", "..\..\R5T.Gepidia.Base\source\R5T.Gepidia.Base\R5T.Gepidia.Base.csproj", "{3E89F161-0FD2-433B-A4F8-10AA13A1CCD6}"
EndProject
Project("{9A19103F-16F7-4668-BE54-9A1E7A4F7556}") = "R5T.Gepidia.Types", "..\..\R5T.Gepidia.Types\source\R5T.Gepidia.Types\R5T.Gepidia.Types.csproj", "{B9E56AB0-18E2-436F-A1E5-ED8DC7723774}"
EndProject
Project("{FAE04EC0-301F-11D3-BF4B-00C04F79EFBC}") = "R5T.T0031.X002", "R5T.T0031.X002\R5T.T0031.X002.csproj", "{8D24A983-FB64-40C1-A12E-0F83337136FB}"
EndProject
Project("{9A19103F-16F7-4668-BE54-9A1E7A4F7556}") = "R5T.T0020", "..\..\R5T.T0020\source\R5T.T0020\R5T.T0020.csproj", "{B4B6A456-6FDB-425A-8FFA-8B312C0E6428}"
EndProject
Project("{FAE04EC0-301F-11D3-BF4B-00C04F79EFBC}") = "R5T.T0031.T001.X002", "R5T.T0031.T001.X002\R5T.T0031.T001.X002.csproj", "{90FDEA66-3440-4240-94DC-C410FEA0B4BA}"
EndProject
Project("{9A19103F-16F7-4668-BE54-9A1E7A4F7556}") = "R5T.Magyar", "..\..\R5T.Magyar\source\R5T.Magyar\R5T.Magyar.csproj", "{F836F8BE-6BC9-4C65-883C-CC19E8AE9C08}"
EndProject
Project("{9A19103F-16F7-4668-BE54-9A1E7A4F7556}") = "R5T.T0064", "..\..\R5T.T0064\source\R5T.T0064\R5T.T0064.csproj", "{C98C6E68-449F-4139-9879-D467FDEBCC7F}"
EndProject
Project("{9A19103F-16F7-4668-BE54-9A1E7A4F7556}") = "R5T.T0143", "..\..\R5T.T0143\source\R5T.T0143\R5T.T0143.csproj", "{33333E85-61F4-4686-8D56-3B59D4A4C97D}"
EndProject
Global
	GlobalSection(NestedProjects) = preSolution
		{3A7A6CB9-8BCC-4C14-B5E5-DF28BF193B41} = {E54E2724-818F-403A-A87D-7D11F32D23BB}
		{8B7EF3D0-1AC6-4480-B287-9528AC1D6D7C} = {E54E2724-818F-403A-A87D-7D11F32D23BB}
		{9530829B-46B8-4678-835B-00A06C81DE1F} = {E54E2724-818F-403A-A87D-7D11F32D23BB}
		{3E89F161-0FD2-433B-A4F8-10AA13A1CCD6} = {E54E2724-818F-403A-A87D-7D11F32D23BB}
		{B9E56AB0-18E2-436F-A1E5-ED8DC7723774} = {E54E2724-818F-403A-A87D-7D11F32D23BB}
		{B4B6A456-6FDB-425A-8FFA-8B312C0E6428} = {E54E2724-818F-403A-A87D-7D11F32D23BB}
		{F836F8BE-6BC9-4C65-883C-CC19E8AE9C08} = {E54E2724-818F-403A-A87D-7D11F32D23BB}
		{C98C6E68-449F-4139-9879-D467FDEBCC7F} = {E54E2724-818F-403A-A87D-7D11F32D23BB}
		{33333E85-61F4-4686-8D56-3B59D4A4C97D} = {E54E2724-818F-403A-A87D-7D11F32D23BB}
	EndGlobalSection
	GlobalSection(SolutionConfigurationPlatforms) = preSolution
		Debug|Any CPU = Debug|Any CPU
		Debug|x64 = Debug|x64
		Debug|x86 = Debug|x86
		Release|Any CPU = Release|Any CPU
		Release|x64 = Release|x64
		Release|x86 = Release|x86
	EndGlobalSection
	GlobalSection(ProjectConfigurationPlatforms) = postSolution
		{5F9A27FD-3A89-401A-A8D6-E41EC3B6FA5F}.Debug|Any CPU.ActiveCfg = Debug|Any CPU
		{5F9A27FD-3A89-401A-A8D6-E41EC3B6FA5F}.Debug|Any CPU.Build.0 = Debug|Any CPU
		{5F9A27FD-3A89-401A-A8D6-E41EC3B6FA5F}.Debug|x64.ActiveCfg = Debug|Any CPU
		{5F9A27FD-3A89-401A-A8D6-E41EC3B6FA5F}.Debug|x64.Build.0 = Debug|Any CPU
		{5F9A27FD-3A89-401A-A8D6-E41EC3B6FA5F}.Debug|x86.ActiveCfg = Debug|Any CPU
		{5F9A27FD-3A89-401A-A8D6-E41EC3B6FA5F}.Debug|x86.Build.0 = Debug|Any CPU
		{5F9A27FD-3A89-401A-A8D6-E41EC3B6FA5F}.Release|Any CPU.ActiveCfg = Release|Any CPU
		{5F9A27FD-3A89-401A-A8D6-E41EC3B6FA5F}.Release|Any CPU.Build.0 = Release|Any CPU
		{5F9A27FD-3A89-401A-A8D6-E41EC3B6FA5F}.Release|x64.ActiveCfg = Release|Any CPU
		{5F9A27FD-3A89-401A-A8D6-E41EC3B6FA5F}.Release|x64.Build.0 = Release|Any CPU
		{5F9A27FD-3A89-401A-A8D6-E41EC3B6FA5F}.Release|x86.ActiveCfg = Release|Any CPU
		{5F9A27FD-3A89-401A-A8D6-E41EC3B6FA5F}.Release|x86.Build.0 = Release|Any CPU
		{7C3904C1-A239-4E03-A674-42246418AE0B}.Debug|Any CPU.ActiveCfg = Debug|Any CPU
		{7C3904C1-A239-4E03-A674-42246418AE0B}.Debug|Any CPU.Build.0 = Debug|Any CPU
		{7C3904C1-A239-4E03-A674-42246418AE0B}.Debug|x64.ActiveCfg = Debug|Any CPU
		{7C3904C1-A239-4E03-A674-42246418AE0B}.Debug|x64.Build.0 = Debug|Any CPU
		{7C3904C1-A239-4E03-A674-42246418AE0B}.Debug|x86.ActiveCfg = Debug|Any CPU
		{7C3904C1-A239-4E03-A674-42246418AE0B}.Debug|x86.Build.0 = Debug|Any CPU
		{7C3904C1-A239-4E03-A674-42246418AE0B}.Release|Any CPU.ActiveCfg = Release|Any CPU
		{7C3904C1-A239-4E03-A674-42246418AE0B}.Release|Any CPU.Build.0 = Release|Any CPU
		{7C3904C1-A239-4E03-A674-42246418AE0B}.Release|x64.ActiveCfg = Release|Any CPU
		{7C3904C1-A239-4E03-A674-42246418AE0B}.Release|x64.Build.0 = Release|Any CPU
		{7C3904C1-A239-4E03-A674-42246418AE0B}.Release|x86.ActiveCfg = Release|Any CPU
		{7C3904C1-A239-4E03-A674-42246418AE0B}.Release|x86.Build.0 = Release|Any CPU
		{1B261031-83AE-47D2-B22F-7B4860CCD8F8}.Debug|Any CPU.ActiveCfg = Debug|Any CPU
		{1B261031-83AE-47D2-B22F-7B4860CCD8F8}.Debug|Any CPU.Build.0 = Debug|Any CPU
		{1B261031-83AE-47D2-B22F-7B4860CCD8F8}.Debug|x64.ActiveCfg = Debug|Any CPU
		{1B261031-83AE-47D2-B22F-7B4860CCD8F8}.Debug|x64.Build.0 = Debug|Any CPU
		{1B261031-83AE-47D2-B22F-7B4860CCD8F8}.Debug|x86.ActiveCfg = Debug|Any CPU
		{1B261031-83AE-47D2-B22F-7B4860CCD8F8}.Debug|x86.Build.0 = Debug|Any CPU
		{1B261031-83AE-47D2-B22F-7B4860CCD8F8}.Release|Any CPU.ActiveCfg = Release|Any CPU
		{1B261031-83AE-47D2-B22F-7B4860CCD8F8}.Release|Any CPU.Build.0 = Release|Any CPU
		{1B261031-83AE-47D2-B22F-7B4860CCD8F8}.Release|x64.ActiveCfg = Release|Any CPU
		{1B261031-83AE-47D2-B22F-7B4860CCD8F8}.Release|x64.Build.0 = Release|Any CPU
		{1B261031-83AE-47D2-B22F-7B4860CCD8F8}.Release|x86.ActiveCfg = Release|Any CPU
		{1B261031-83AE-47D2-B22F-7B4860CCD8F8}.Release|x86.Build.0 = Release|Any CPU
		{1F7F723B-E19D-4C07-846A-DB506A6F068E}.Debug|Any CPU.ActiveCfg = Debug|Any CPU
		{1F7F723B-E19D-4C07-846A-DB506A6F068E}.Debug|Any CPU.Build.0 = Debug|Any CPU
		{1F7F723B-E19D-4C07-846A-DB506A6F068E}.Debug|x64.ActiveCfg = Debug|Any CPU
		{1F7F723B-E19D-4C07-846A-DB506A6F068E}.Debug|x64.Build.0 = Debug|Any CPU
		{1F7F723B-E19D-4C07-846A-DB506A6F068E}.Debug|x86.ActiveCfg = Debug|Any CPU
		{1F7F723B-E19D-4C07-846A-DB506A6F068E}.Debug|x86.Build.0 = Debug|Any CPU
		{1F7F723B-E19D-4C07-846A-DB506A6F068E}.Release|Any CPU.ActiveCfg = Release|Any CPU
		{1F7F723B-E19D-4C07-846A-DB506A6F068E}.Release|Any CPU.Build.0 = Release|Any CPU
		{1F7F723B-E19D-4C07-846A-DB506A6F068E}.Release|x64.ActiveCfg = Release|Any CPU
		{1F7F723B-E19D-4C07-846A-DB506A6F068E}.Release|x64.Build.0 = Release|Any CPU
		{1F7F723B-E19D-4C07-846A-DB506A6F068E}.Release|x86.ActiveCfg = Release|Any CPU
		{1F7F723B-E19D-4C07-846A-DB506A6F068E}.Release|x86.Build.0 = Release|Any CPU
		{88B26C73-E8F2-4E7A-B491-CF1EA8397B05}.Debug|Any CPU.ActiveCfg = Debug|Any CPU
		{88B26C73-E8F2-4E7A-B491-CF1EA8397B05}.Debug|Any CPU.Build.0 = Debug|Any CPU
		{88B26C73-E8F2-4E7A-B491-CF1EA8397B05}.Debug|x64.ActiveCfg = Debug|Any CPU
		{88B26C73-E8F2-4E7A-B491-CF1EA8397B05}.Debug|x64.Build.0 = Debug|Any CPU
		{88B26C73-E8F2-4E7A-B491-CF1EA8397B05}.Debug|x86.ActiveCfg = Debug|Any CPU
		{88B26C73-E8F2-4E7A-B491-CF1EA8397B05}.Debug|x86.Build.0 = Debug|Any CPU
		{88B26C73-E8F2-4E7A-B491-CF1EA8397B05}.Release|Any CPU.ActiveCfg = Release|Any CPU
		{88B26C73-E8F2-4E7A-B491-CF1EA8397B05}.Release|Any CPU.Build.0 = Release|Any CPU
		{88B26C73-E8F2-4E7A-B491-CF1EA8397B05}.Release|x64.ActiveCfg = Release|Any CPU
		{88B26C73-E8F2-4E7A-B491-CF1EA8397B05}.Release|x64.Build.0 = Release|Any CPU
		{88B26C73-E8F2-4E7A-B491-CF1EA8397B05}.Release|x86.ActiveCfg = Release|Any CPU
		{88B26C73-E8F2-4E7A-B491-CF1EA8397B05}.Release|x86.Build.0 = Release|Any CPU
		{3A7A6CB9-8BCC-4C14-B5E5-DF28BF193B41}.Debug|Any CPU.ActiveCfg = Debug|Any CPU
		{3A7A6CB9-8BCC-4C14-B5E5-DF28BF193B41}.Debug|Any CPU.Build.0 = Debug|Any CPU
		{3A7A6CB9-8BCC-4C14-B5E5-DF28BF193B41}.Debug|x64.ActiveCfg = Debug|Any CPU
		{3A7A6CB9-8BCC-4C14-B5E5-DF28BF193B41}.Debug|x64.Build.0 = Debug|Any CPU
		{3A7A6CB9-8BCC-4C14-B5E5-DF28BF193B41}.Debug|x86.ActiveCfg = Debug|Any CPU
		{3A7A6CB9-8BCC-4C14-B5E5-DF28BF193B41}.Debug|x86.Build.0 = Debug|Any CPU
		{3A7A6CB9-8BCC-4C14-B5E5-DF28BF193B41}.Release|Any CPU.ActiveCfg = Release|Any CPU
		{3A7A6CB9-8BCC-4C14-B5E5-DF28BF193B41}.Release|Any CPU.Build.0 = Release|Any CPU
		{3A7A6CB9-8BCC-4C14-B5E5-DF28BF193B41}.Release|x64.ActiveCfg = Release|Any CPU
		{3A7A6CB9-8BCC-4C14-B5E5-DF28BF193B41}.Release|x64.Build.0 = Release|Any CPU
		{3A7A6CB9-8BCC-4C14-B5E5-DF28BF193B41}.Release|x86.ActiveCfg = Release|Any CPU
		{3A7A6CB9-8BCC-4C14-B5E5-DF28BF193B41}.Release|x86.Build.0 = Release|Any CPU
		{8B7EF3D0-1AC6-4480-B287-9528AC1D6D7C}.Debug|Any CPU.ActiveCfg = Debug|Any CPU
		{8B7EF3D0-1AC6-4480-B287-9528AC1D6D7C}.Debug|Any CPU.Build.0 = Debug|Any CPU
		{8B7EF3D0-1AC6-4480-B287-9528AC1D6D7C}.Debug|x64.ActiveCfg = Debug|Any CPU
		{8B7EF3D0-1AC6-4480-B287-9528AC1D6D7C}.Debug|x64.Build.0 = Debug|Any CPU
		{8B7EF3D0-1AC6-4480-B287-9528AC1D6D7C}.Debug|x86.ActiveCfg = Debug|Any CPU
		{8B7EF3D0-1AC6-4480-B287-9528AC1D6D7C}.Debug|x86.Build.0 = Debug|Any CPU
		{8B7EF3D0-1AC6-4480-B287-9528AC1D6D7C}.Release|Any CPU.ActiveCfg = Release|Any CPU
		{8B7EF3D0-1AC6-4480-B287-9528AC1D6D7C}.Release|Any CPU.Build.0 = Release|Any CPU
		{8B7EF3D0-1AC6-4480-B287-9528AC1D6D7C}.Release|x64.ActiveCfg = Release|Any CPU
		{8B7EF3D0-1AC6-4480-B287-9528AC1D6D7C}.Release|x64.Build.0 = Release|Any CPU
		{8B7EF3D0-1AC6-4480-B287-9528AC1D6D7C}.Release|x86.ActiveCfg = Release|Any CPU
		{8B7EF3D0-1AC6-4480-B287-9528AC1D6D7C}.Release|x86.Build.0 = Release|Any CPU
		{428A9605-9E17-48E4-A34E-27355F408967}.Debug|Any CPU.ActiveCfg = Debug|Any CPU
		{428A9605-9E17-48E4-A34E-27355F408967}.Debug|Any CPU.Build.0 = Debug|Any CPU
		{428A9605-9E17-48E4-A34E-27355F408967}.Debug|x64.ActiveCfg = Debug|Any CPU
		{428A9605-9E17-48E4-A34E-27355F408967}.Debug|x64.Build.0 = Debug|Any CPU
		{428A9605-9E17-48E4-A34E-27355F408967}.Debug|x86.ActiveCfg = Debug|Any CPU
		{428A9605-9E17-48E4-A34E-27355F408967}.Debug|x86.Build.0 = Debug|Any CPU
		{428A9605-9E17-48E4-A34E-27355F408967}.Release|Any CPU.ActiveCfg = Release|Any CPU
		{428A9605-9E17-48E4-A34E-27355F408967}.Release|Any CPU.Build.0 = Release|Any CPU
		{428A9605-9E17-48E4-A34E-27355F408967}.Release|x64.ActiveCfg = Release|Any CPU
		{428A9605-9E17-48E4-A34E-27355F408967}.Release|x64.Build.0 = Release|Any CPU
		{428A9605-9E17-48E4-A34E-27355F408967}.Release|x86.ActiveCfg = Release|Any CPU
		{428A9605-9E17-48E4-A34E-27355F408967}.Release|x86.Build.0 = Release|Any CPU
		{FD49819C-9F8C-4E3D-93F3-22E819D6EF15}.Debug|Any CPU.ActiveCfg = Debug|Any CPU
		{FD49819C-9F8C-4E3D-93F3-22E819D6EF15}.Debug|Any CPU.Build.0 = Debug|Any CPU
		{FD49819C-9F8C-4E3D-93F3-22E819D6EF15}.Debug|x64.ActiveCfg = Debug|Any CPU
		{FD49819C-9F8C-4E3D-93F3-22E819D6EF15}.Debug|x64.Build.0 = Debug|Any CPU
		{FD49819C-9F8C-4E3D-93F3-22E819D6EF15}.Debug|x86.ActiveCfg = Debug|Any CPU
		{FD49819C-9F8C-4E3D-93F3-22E819D6EF15}.Debug|x86.Build.0 = Debug|Any CPU
		{FD49819C-9F8C-4E3D-93F3-22E819D6EF15}.Release|Any CPU.ActiveCfg = Release|Any CPU
		{FD49819C-9F8C-4E3D-93F3-22E819D6EF15}.Release|Any CPU.Build.0 = Release|Any CPU
		{FD49819C-9F8C-4E3D-93F3-22E819D6EF15}.Release|x64.ActiveCfg = Release|Any CPU
		{FD49819C-9F8C-4E3D-93F3-22E819D6EF15}.Release|x64.Build.0 = Release|Any CPU
		{FD49819C-9F8C-4E3D-93F3-22E819D6EF15}.Release|x86.ActiveCfg = Release|Any CPU
		{FD49819C-9F8C-4E3D-93F3-22E819D6EF15}.Release|x86.Build.0 = Release|Any CPU
		{9530829B-46B8-4678-835B-00A06C81DE1F}.Debug|Any CPU.ActiveCfg = Debug|Any CPU
		{9530829B-46B8-4678-835B-00A06C81DE1F}.Debug|Any CPU.Build.0 = Debug|Any CPU
		{9530829B-46B8-4678-835B-00A06C81DE1F}.Debug|x64.ActiveCfg = Debug|Any CPU
		{9530829B-46B8-4678-835B-00A06C81DE1F}.Debug|x64.Build.0 = Debug|Any CPU
		{9530829B-46B8-4678-835B-00A06C81DE1F}.Debug|x86.ActiveCfg = Debug|Any CPU
		{9530829B-46B8-4678-835B-00A06C81DE1F}.Debug|x86.Build.0 = Debug|Any CPU
		{9530829B-46B8-4678-835B-00A06C81DE1F}.Release|Any CPU.ActiveCfg = Release|Any CPU
		{9530829B-46B8-4678-835B-00A06C81DE1F}.Release|Any CPU.Build.0 = Release|Any CPU
		{9530829B-46B8-4678-835B-00A06C81DE1F}.Release|x64.ActiveCfg = Release|Any CPU
		{9530829B-46B8-4678-835B-00A06C81DE1F}.Release|x64.Build.0 = Release|Any CPU
		{9530829B-46B8-4678-835B-00A06C81DE1F}.Release|x86.ActiveCfg = Release|Any CPU
		{9530829B-46B8-4678-835B-00A06C81DE1F}.Release|x86.Build.0 = Release|Any CPU
		{3E89F161-0FD2-433B-A4F8-10AA13A1CCD6}.Debug|Any CPU.ActiveCfg = Debug|Any CPU
		{3E89F161-0FD2-433B-A4F8-10AA13A1CCD6}.Debug|Any CPU.Build.0 = Debug|Any CPU
		{3E89F161-0FD2-433B-A4F8-10AA13A1CCD6}.Debug|x64.ActiveCfg = Debug|Any CPU
		{3E89F161-0FD2-433B-A4F8-10AA13A1CCD6}.Debug|x64.Build.0 = Debug|Any CPU
		{3E89F161-0FD2-433B-A4F8-10AA13A1CCD6}.Debug|x86.ActiveCfg = Debug|Any CPU
		{3E89F161-0FD2-433B-A4F8-10AA13A1CCD6}.Debug|x86.Build.0 = Debug|Any CPU
		{3E89F161-0FD2-433B-A4F8-10AA13A1CCD6}.Release|Any CPU.ActiveCfg = Release|Any CPU
		{3E89F161-0FD2-433B-A4F8-10AA13A1CCD6}.Release|Any CPU.Build.0 = Release|Any CPU
		{3E89F161-0FD2-433B-A4F8-10AA13A1CCD6}.Release|x64.ActiveCfg = Release|Any CPU
		{3E89F161-0FD2-433B-A4F8-10AA13A1CCD6}.Release|x64.Build.0 = Release|Any CPU
		{3E89F161-0FD2-433B-A4F8-10AA13A1CCD6}.Release|x86.ActiveCfg = Release|Any CPU
		{3E89F161-0FD2-433B-A4F8-10AA13A1CCD6}.Release|x86.Build.0 = Release|Any CPU
		{B9E56AB0-18E2-436F-A1E5-ED8DC7723774}.Debug|Any CPU.ActiveCfg = Debug|Any CPU
		{B9E56AB0-18E2-436F-A1E5-ED8DC7723774}.Debug|Any CPU.Build.0 = Debug|Any CPU
		{B9E56AB0-18E2-436F-A1E5-ED8DC7723774}.Debug|x64.ActiveCfg = Debug|Any CPU
		{B9E56AB0-18E2-436F-A1E5-ED8DC7723774}.Debug|x64.Build.0 = Debug|Any CPU
		{B9E56AB0-18E2-436F-A1E5-ED8DC7723774}.Debug|x86.ActiveCfg = Debug|Any CPU
		{B9E56AB0-18E2-436F-A1E5-ED8DC7723774}.Debug|x86.Build.0 = Debug|Any CPU
		{B9E56AB0-18E2-436F-A1E5-ED8DC7723774}.Release|Any CPU.ActiveCfg = Release|Any CPU
		{B9E56AB0-18E2-436F-A1E5-ED8DC7723774}.Release|Any CPU.Build.0 = Release|Any CPU
		{B9E56AB0-18E2-436F-A1E5-ED8DC7723774}.Release|x64.ActiveCfg = Release|Any CPU
		{B9E56AB0-18E2-436F-A1E5-ED8DC7723774}.Release|x64.Build.0 = Release|Any CPU
		{B9E56AB0-18E2-436F-A1E5-ED8DC7723774}.Release|x86.ActiveCfg = Release|Any CPU
		{B9E56AB0-18E2-436F-A1E5-ED8DC7723774}.Release|x86.Build.0 = Release|Any CPU
		{8D24A983-FB64-40C1-A12E-0F83337136FB}.Debug|Any CPU.ActiveCfg = Debug|Any CPU
		{8D24A983-FB64-40C1-A12E-0F83337136FB}.Debug|Any CPU.Build.0 = Debug|Any CPU
		{8D24A983-FB64-40C1-A12E-0F83337136FB}.Debug|x64.ActiveCfg = Debug|Any CPU
		{8D24A983-FB64-40C1-A12E-0F83337136FB}.Debug|x64.Build.0 = Debug|Any CPU
		{8D24A983-FB64-40C1-A12E-0F83337136FB}.Debug|x86.ActiveCfg = Debug|Any CPU
		{8D24A983-FB64-40C1-A12E-0F83337136FB}.Debug|x86.Build.0 = Debug|Any CPU
		{8D24A983-FB64-40C1-A12E-0F83337136FB}.Release|Any CPU.ActiveCfg = Release|Any CPU
		{8D24A983-FB64-40C1-A12E-0F83337136FB}.Release|Any CPU.Build.0 = Release|Any CPU
		{8D24A983-FB64-40C1-A12E-0F83337136FB}.Release|x64.ActiveCfg = Release|Any CPU
		{8D24A983-FB64-40C1-A12E-0F83337136FB}.Release|x64.Build.0 = Release|Any CPU
		{8D24A983-FB64-40C1-A12E-0F83337136FB}.Release|x86.ActiveCfg = Release|Any CPU
		{8D24A983-FB64-40C1-A12E-0F83337136FB}.Release|x86.Build.0 = Release|Any CPU
		{B4B6A456-6FDB-425A-8FFA-8B312C0E6428}.Debug|Any CPU.ActiveCfg = Debug|Any CPU
		{B4B6A456-6FDB-425A-8FFA-8B312C0E6428}.Debug|Any CPU.Build.0 = Debug|Any CPU
		{B4B6A456-6FDB-425A-8FFA-8B312C0E6428}.Debug|x64.ActiveCfg = Debug|Any CPU
		{B4B6A456-6FDB-425A-8FFA-8B312C0E6428}.Debug|x64.Build.0 = Debug|Any CPU
		{B4B6A456-6FDB-425A-8FFA-8B312C0E6428}.Debug|x86.ActiveCfg = Debug|Any CPU
		{B4B6A456-6FDB-425A-8FFA-8B312C0E6428}.Debug|x86.Build.0 = Debug|Any CPU
		{B4B6A456-6FDB-425A-8FFA-8B312C0E6428}.Release|Any CPU.ActiveCfg = Release|Any CPU
		{B4B6A456-6FDB-425A-8FFA-8B312C0E6428}.Release|Any CPU.Build.0 = Release|Any CPU
		{B4B6A456-6FDB-425A-8FFA-8B312C0E6428}.Release|x64.ActiveCfg = Release|Any CPU
		{B4B6A456-6FDB-425A-8FFA-8B312C0E6428}.Release|x64.Build.0 = Release|Any CPU
		{B4B6A456-6FDB-425A-8FFA-8B312C0E6428}.Release|x86.ActiveCfg = Release|Any CPU
		{B4B6A456-6FDB-425A-8FFA-8B312C0E6428}.Release|x86.Build.0 = Release|Any CPU
		{90FDEA66-3440-4240-94DC-C410FEA0B4BA}.Debug|Any CPU.ActiveCfg = Debug|Any CPU
		{90FDEA66-3440-4240-94DC-C410FEA0B4BA}.Debug|Any CPU.Build.0 = Debug|Any CPU
		{90FDEA66-3440-4240-94DC-C410FEA0B4BA}.Debug|x64.ActiveCfg = Debug|Any CPU
		{90FDEA66-3440-4240-94DC-C410FEA0B4BA}.Debug|x64.Build.0 = Debug|Any CPU
		{90FDEA66-3440-4240-94DC-C410FEA0B4BA}.Debug|x86.ActiveCfg = Debug|Any CPU
		{90FDEA66-3440-4240-94DC-C410FEA0B4BA}.Debug|x86.Build.0 = Debug|Any CPU
		{90FDEA66-3440-4240-94DC-C410FEA0B4BA}.Release|Any CPU.ActiveCfg = Release|Any CPU
		{90FDEA66-3440-4240-94DC-C410FEA0B4BA}.Release|Any CPU.Build.0 = Release|Any CPU
		{90FDEA66-3440-4240-94DC-C410FEA0B4BA}.Release|x64.ActiveCfg = Release|Any CPU
		{90FDEA66-3440-4240-94DC-C410FEA0B4BA}.Release|x64.Build.0 = Release|Any CPU
		{90FDEA66-3440-4240-94DC-C410FEA0B4BA}.Release|x86.ActiveCfg = Release|Any CPU
		{90FDEA66-3440-4240-94DC-C410FEA0B4BA}.Release|x86.Build.0 = Release|Any CPU
		{F836F8BE-6BC9-4C65-883C-CC19E8AE9C08}.Debug|Any CPU.ActiveCfg = Debug|Any CPU
		{F836F8BE-6BC9-4C65-883C-CC19E8AE9C08}.Debug|Any CPU.Build.0 = Debug|Any CPU
		{F836F8BE-6BC9-4C65-883C-CC19E8AE9C08}.Debug|x64.ActiveCfg = Debug|Any CPU
		{F836F8BE-6BC9-4C65-883C-CC19E8AE9C08}.Debug|x64.Build.0 = Debug|Any CPU
		{F836F8BE-6BC9-4C65-883C-CC19E8AE9C08}.Debug|x86.ActiveCfg = Debug|Any CPU
		{F836F8BE-6BC9-4C65-883C-CC19E8AE9C08}.Debug|x86.Build.0 = Debug|Any CPU
		{F836F8BE-6BC9-4C65-883C-CC19E8AE9C08}.Release|Any CPU.ActiveCfg = Release|Any CPU
		{F836F8BE-6BC9-4C65-883C-CC19E8AE9C08}.Release|Any CPU.Build.0 = Release|Any CPU
		{F836F8BE-6BC9-4C65-883C-CC19E8AE9C08}.Release|x64.ActiveCfg = Release|Any CPU
		{F836F8BE-6BC9-4C65-883C-CC19E8AE9C08}.Release|x64.Build.0 = Release|Any CPU
		{F836F8BE-6BC9-4C65-883C-CC19E8AE9C08}.Release|x86.ActiveCfg = Release|Any CPU
		{F836F8BE-6BC9-4C65-883C-CC19E8AE9C08}.Release|x86.Build.0 = Release|Any CPU
		{C98C6E68-449F-4139-9879-D467FDEBCC7F}.Debug|Any CPU.ActiveCfg = Debug|Any CPU
		{C98C6E68-449F-4139-9879-D467FDEBCC7F}.Debug|Any CPU.Build.0 = Debug|Any CPU
		{C98C6E68-449F-4139-9879-D467FDEBCC7F}.Debug|x64.ActiveCfg = Debug|Any CPU
		{C98C6E68-449F-4139-9879-D467FDEBCC7F}.Debug|x64.Build.0 = Debug|Any CPU
		{C98C6E68-449F-4139-9879-D467FDEBCC7F}.Debug|x86.ActiveCfg = Debug|Any CPU
		{C98C6E68-449F-4139-9879-D467FDEBCC7F}.Debug|x86.Build.0 = Debug|Any CPU
		{C98C6E68-449F-4139-9879-D467FDEBCC7F}.Release|Any CPU.ActiveCfg = Release|Any CPU
		{C98C6E68-449F-4139-9879-D467FDEBCC7F}.Release|Any CPU.Build.0 = Release|Any CPU
		{C98C6E68-449F-4139-9879-D467FDEBCC7F}.Release|x64.ActiveCfg = Release|Any CPU
		{C98C6E68-449F-4139-9879-D467FDEBCC7F}.Release|x64.Build.0 = Release|Any CPU
		{C98C6E68-449F-4139-9879-D467FDEBCC7F}.Release|x86.ActiveCfg = Release|Any CPU
		{C98C6E68-449F-4139-9879-D467FDEBCC7F}.Release|x86.Build.0 = Release|Any CPU
		{33333E85-61F4-4686-8D56-3B59D4A4C97D}.Debug|Any CPU.ActiveCfg = Debug|Any CPU
		{33333E85-61F4-4686-8D56-3B59D4A4C97D}.Debug|Any CPU.Build.0 = Debug|Any CPU
		{33333E85-61F4-4686-8D56-3B59D4A4C97D}.Debug|x64.ActiveCfg = Debug|Any CPU
		{33333E85-61F4-4686-8D56-3B59D4A4C97D}.Debug|x64.Build.0 = Debug|Any CPU
		{33333E85-61F4-4686-8D56-3B59D4A4C97D}.Debug|x86.ActiveCfg = Debug|Any CPU
		{33333E85-61F4-4686-8D56-3B59D4A4C97D}.Debug|x86.Build.0 = Debug|Any CPU
		{33333E85-61F4-4686-8D56-3B59D4A4C97D}.Release|Any CPU.ActiveCfg = Release|Any CPU
		{33333E85-61F4-4686-8D56-3B59D4A4C97D}.Release|Any CPU.Build.0 = Release|Any CPU
		{33333E85-61F4-4686-8D56-3B59D4A4C97D}.Release|x64.ActiveCfg = Release|Any CPU
		{33333E85-61F4-4686-8D56-3B59D4A4C97D}.Release|x64.Build.0 = Release|Any CPU
		{33333E85-61F4-4686-8D56-3B59D4A4C97D}.Release|x86.ActiveCfg = Release|Any CPU
		{33333E85-61F4-4686-8D56-3B59D4A4C97D}.Release|x86.Build.0 = Release|Any CPU
	EndGlobalSection
	GlobalSection(SolutionProperties) = preSolution
		HideSolutionNode = FALSE
	EndGlobalSection
	GlobalSection(ExtensibilityGlobals) = postSolution
		SolutionGuid = {8F75BAFE-F90E-4F9D-8C7F-E2375C643242}
	EndGlobalSection
EndGlobal
