
Microsoft Visual Studio Solution File, Format Version 12.00
# Visual Studio Version 16
VisualStudioVersion = 16.0.30114.105
MinimumVisualStudioVersion = 10.0.40219.1
Project("{FAE04EC0-301F-11D3-BF4B-00C04F79EFBC}") = "R5T.T0031", "R5T.T0031\R5T.T0031.csproj", "{C58AF7F5-0FC6-4D56-8225-D7D94A85A7C8}"
EndProject
Project("{FAE04EC0-301F-11D3-BF4B-00C04F79EFBC}") = "R5T.T0031.Abstractions", "R5T.T0031.Abstractions\R5T.T0031.Abstractions.csproj", "{E9922177-569C-4471-9E8D-C94C64D45D76}"
EndProject
Project("{FAE04EC0-301F-11D3-BF4B-00C04F79EFBC}") = "R5T.T0031.Construction", "R5T.T0031.Construction\R5T.T0031.Construction.csproj", "{CCDF355E-4AE2-4445-8C57-01C32EAB7B47}"
EndProject
Project("{FAE04EC0-301F-11D3-BF4B-00C04F79EFBC}") = "R5T.T0031.T001", "R5T.T0031.T001\R5T.T0031.T001.csproj", "{A9855E03-BC6D-4945-8997-D57DA4FC9B29}"
EndProject
Project("{FAE04EC0-301F-11D3-BF4B-00C04F79EFBC}") = "R5T.T0031.T001.Abstractions", "R5T.T0031.T001.Abstractions\R5T.T0031.T001.Abstractions.csproj", "{ABE36A53-C06A-4BA3-AB80-07485B080603}"
EndProject
Project("{FAE04EC0-301F-11D3-BF4B-00C04F79EFBC}") = "R5T.T0031.T001.X001", "R5T.T0031.T001.X001\R5T.T0031.T001.X001.csproj", "{FD9013CC-929F-4CB5-BA68-3B3BEC0E151B}"
EndProject
Project("{FAE04EC0-301F-11D3-BF4B-00C04F79EFBC}") = "R5T.T0031.T001.X002", "R5T.T0031.T001.X002\R5T.T0031.T001.X002.csproj", "{2DF74F16-F086-4568-8913-F12373251DA9}"
EndProject
Project("{FAE04EC0-301F-11D3-BF4B-00C04F79EFBC}") = "R5T.T0031.X001", "R5T.T0031.X001\R5T.T0031.X001.csproj", "{FF987041-F690-4592-ADFE-70F878C752AB}"
EndProject
Project("{FAE04EC0-301F-11D3-BF4B-00C04F79EFBC}") = "R5T.T0031.X002", "R5T.T0031.X002\R5T.T0031.X002.csproj", "{81ABF1C3-20B7-42C7-9DF8-0FE0237E3A1E}"
EndProject
Global
	GlobalSection(SolutionConfigurationPlatforms) = preSolution
		Debug|Any CPU = Debug|Any CPU
		Debug|x64 = Debug|x64
		Debug|x86 = Debug|x86
		Release|Any CPU = Release|Any CPU
		Release|x64 = Release|x64
		Release|x86 = Release|x86
	EndGlobalSection
	GlobalSection(SolutionProperties) = preSolution
		HideSolutionNode = FALSE
	EndGlobalSection
	GlobalSection(ProjectConfigurationPlatforms) = postSolution
		{C58AF7F5-0FC6-4D56-8225-D7D94A85A7C8}.Debug|Any CPU.ActiveCfg = Debug|Any CPU
		{C58AF7F5-0FC6-4D56-8225-D7D94A85A7C8}.Debug|Any CPU.Build.0 = Debug|Any CPU
		{C58AF7F5-0FC6-4D56-8225-D7D94A85A7C8}.Debug|x64.ActiveCfg = Debug|Any CPU
		{C58AF7F5-0FC6-4D56-8225-D7D94A85A7C8}.Debug|x64.Build.0 = Debug|Any CPU
		{C58AF7F5-0FC6-4D56-8225-D7D94A85A7C8}.Debug|x86.ActiveCfg = Debug|Any CPU
		{C58AF7F5-0FC6-4D56-8225-D7D94A85A7C8}.Debug|x86.Build.0 = Debug|Any CPU
		{C58AF7F5-0FC6-4D56-8225-D7D94A85A7C8}.Release|Any CPU.ActiveCfg = Release|Any CPU
		{C58AF7F5-0FC6-4D56-8225-D7D94A85A7C8}.Release|Any CPU.Build.0 = Release|Any CPU
		{C58AF7F5-0FC6-4D56-8225-D7D94A85A7C8}.Release|x64.ActiveCfg = Release|Any CPU
		{C58AF7F5-0FC6-4D56-8225-D7D94A85A7C8}.Release|x64.Build.0 = Release|Any CPU
		{C58AF7F5-0FC6-4D56-8225-D7D94A85A7C8}.Release|x86.ActiveCfg = Release|Any CPU
		{C58AF7F5-0FC6-4D56-8225-D7D94A85A7C8}.Release|x86.Build.0 = Release|Any CPU
		{E9922177-569C-4471-9E8D-C94C64D45D76}.Debug|Any CPU.ActiveCfg = Debug|Any CPU
		{E9922177-569C-4471-9E8D-C94C64D45D76}.Debug|Any CPU.Build.0 = Debug|Any CPU
		{E9922177-569C-4471-9E8D-C94C64D45D76}.Debug|x64.ActiveCfg = Debug|Any CPU
		{E9922177-569C-4471-9E8D-C94C64D45D76}.Debug|x64.Build.0 = Debug|Any CPU
		{E9922177-569C-4471-9E8D-C94C64D45D76}.Debug|x86.ActiveCfg = Debug|Any CPU
		{E9922177-569C-4471-9E8D-C94C64D45D76}.Debug|x86.Build.0 = Debug|Any CPU
		{E9922177-569C-4471-9E8D-C94C64D45D76}.Release|Any CPU.ActiveCfg = Release|Any CPU
		{E9922177-569C-4471-9E8D-C94C64D45D76}.Release|Any CPU.Build.0 = Release|Any CPU
		{E9922177-569C-4471-9E8D-C94C64D45D76}.Release|x64.ActiveCfg = Release|Any CPU
		{E9922177-569C-4471-9E8D-C94C64D45D76}.Release|x64.Build.0 = Release|Any CPU
		{E9922177-569C-4471-9E8D-C94C64D45D76}.Release|x86.ActiveCfg = Release|Any CPU
		{E9922177-569C-4471-9E8D-C94C64D45D76}.Release|x86.Build.0 = Release|Any CPU
		{CCDF355E-4AE2-4445-8C57-01C32EAB7B47}.Debug|Any CPU.ActiveCfg = Debug|Any CPU
		{CCDF355E-4AE2-4445-8C57-01C32EAB7B47}.Debug|Any CPU.Build.0 = Debug|Any CPU
		{CCDF355E-4AE2-4445-8C57-01C32EAB7B47}.Debug|x64.ActiveCfg = Debug|Any CPU
		{CCDF355E-4AE2-4445-8C57-01C32EAB7B47}.Debug|x64.Build.0 = Debug|Any CPU
		{CCDF355E-4AE2-4445-8C57-01C32EAB7B47}.Debug|x86.ActiveCfg = Debug|Any CPU
		{CCDF355E-4AE2-4445-8C57-01C32EAB7B47}.Debug|x86.Build.0 = Debug|Any CPU
		{CCDF355E-4AE2-4445-8C57-01C32EAB7B47}.Release|Any CPU.ActiveCfg = Release|Any CPU
		{CCDF355E-4AE2-4445-8C57-01C32EAB7B47}.Release|Any CPU.Build.0 = Release|Any CPU
		{CCDF355E-4AE2-4445-8C57-01C32EAB7B47}.Release|x64.ActiveCfg = Release|Any CPU
		{CCDF355E-4AE2-4445-8C57-01C32EAB7B47}.Release|x64.Build.0 = Release|Any CPU
		{CCDF355E-4AE2-4445-8C57-01C32EAB7B47}.Release|x86.ActiveCfg = Release|Any CPU
		{CCDF355E-4AE2-4445-8C57-01C32EAB7B47}.Release|x86.Build.0 = Release|Any CPU
		{A9855E03-BC6D-4945-8997-D57DA4FC9B29}.Debug|Any CPU.ActiveCfg = Debug|Any CPU
		{A9855E03-BC6D-4945-8997-D57DA4FC9B29}.Debug|Any CPU.Build.0 = Debug|Any CPU
		{A9855E03-BC6D-4945-8997-D57DA4FC9B29}.Debug|x64.ActiveCfg = Debug|Any CPU
		{A9855E03-BC6D-4945-8997-D57DA4FC9B29}.Debug|x64.Build.0 = Debug|Any CPU
		{A9855E03-BC6D-4945-8997-D57DA4FC9B29}.Debug|x86.ActiveCfg = Debug|Any CPU
		{A9855E03-BC6D-4945-8997-D57DA4FC9B29}.Debug|x86.Build.0 = Debug|Any CPU
		{A9855E03-BC6D-4945-8997-D57DA4FC9B29}.Release|Any CPU.ActiveCfg = Release|Any CPU
		{A9855E03-BC6D-4945-8997-D57DA4FC9B29}.Release|Any CPU.Build.0 = Release|Any CPU
		{A9855E03-BC6D-4945-8997-D57DA4FC9B29}.Release|x64.ActiveCfg = Release|Any CPU
		{A9855E03-BC6D-4945-8997-D57DA4FC9B29}.Release|x64.Build.0 = Release|Any CPU
		{A9855E03-BC6D-4945-8997-D57DA4FC9B29}.Release|x86.ActiveCfg = Release|Any CPU
		{A9855E03-BC6D-4945-8997-D57DA4FC9B29}.Release|x86.Build.0 = Release|Any CPU
		{ABE36A53-C06A-4BA3-AB80-07485B080603}.Debug|Any CPU.ActiveCfg = Debug|Any CPU
		{ABE36A53-C06A-4BA3-AB80-07485B080603}.Debug|Any CPU.Build.0 = Debug|Any CPU
		{ABE36A53-C06A-4BA3-AB80-07485B080603}.Debug|x64.ActiveCfg = Debug|Any CPU
		{ABE36A53-C06A-4BA3-AB80-07485B080603}.Debug|x64.Build.0 = Debug|Any CPU
		{ABE36A53-C06A-4BA3-AB80-07485B080603}.Debug|x86.ActiveCfg = Debug|Any CPU
		{ABE36A53-C06A-4BA3-AB80-07485B080603}.Debug|x86.Build.0 = Debug|Any CPU
		{ABE36A53-C06A-4BA3-AB80-07485B080603}.Release|Any CPU.ActiveCfg = Release|Any CPU
		{ABE36A53-C06A-4BA3-AB80-07485B080603}.Release|Any CPU.Build.0 = Release|Any CPU
		{ABE36A53-C06A-4BA3-AB80-07485B080603}.Release|x64.ActiveCfg = Release|Any CPU
		{ABE36A53-C06A-4BA3-AB80-07485B080603}.Release|x64.Build.0 = Release|Any CPU
		{ABE36A53-C06A-4BA3-AB80-07485B080603}.Release|x86.ActiveCfg = Release|Any CPU
		{ABE36A53-C06A-4BA3-AB80-07485B080603}.Release|x86.Build.0 = Release|Any CPU
		{FD9013CC-929F-4CB5-BA68-3B3BEC0E151B}.Debug|Any CPU.ActiveCfg = Debug|Any CPU
		{FD9013CC-929F-4CB5-BA68-3B3BEC0E151B}.Debug|Any CPU.Build.0 = Debug|Any CPU
		{FD9013CC-929F-4CB5-BA68-3B3BEC0E151B}.Debug|x64.ActiveCfg = Debug|Any CPU
		{FD9013CC-929F-4CB5-BA68-3B3BEC0E151B}.Debug|x64.Build.0 = Debug|Any CPU
		{FD9013CC-929F-4CB5-BA68-3B3BEC0E151B}.Debug|x86.ActiveCfg = Debug|Any CPU
		{FD9013CC-929F-4CB5-BA68-3B3BEC0E151B}.Debug|x86.Build.0 = Debug|Any CPU
		{FD9013CC-929F-4CB5-BA68-3B3BEC0E151B}.Release|Any CPU.ActiveCfg = Release|Any CPU
		{FD9013CC-929F-4CB5-BA68-3B3BEC0E151B}.Release|Any CPU.Build.0 = Release|Any CPU
		{FD9013CC-929F-4CB5-BA68-3B3BEC0E151B}.Release|x64.ActiveCfg = Release|Any CPU
		{FD9013CC-929F-4CB5-BA68-3B3BEC0E151B}.Release|x64.Build.0 = Release|Any CPU
		{FD9013CC-929F-4CB5-BA68-3B3BEC0E151B}.Release|x86.ActiveCfg = Release|Any CPU
		{FD9013CC-929F-4CB5-BA68-3B3BEC0E151B}.Release|x86.Build.0 = Release|Any CPU
		{2DF74F16-F086-4568-8913-F12373251DA9}.Debug|Any CPU.ActiveCfg = Debug|Any CPU
		{2DF74F16-F086-4568-8913-F12373251DA9}.Debug|Any CPU.Build.0 = Debug|Any CPU
		{2DF74F16-F086-4568-8913-F12373251DA9}.Debug|x64.ActiveCfg = Debug|Any CPU
		{2DF74F16-F086-4568-8913-F12373251DA9}.Debug|x64.Build.0 = Debug|Any CPU
		{2DF74F16-F086-4568-8913-F12373251DA9}.Debug|x86.ActiveCfg = Debug|Any CPU
		{2DF74F16-F086-4568-8913-F12373251DA9}.Debug|x86.Build.0 = Debug|Any CPU
		{2DF74F16-F086-4568-8913-F12373251DA9}.Release|Any CPU.ActiveCfg = Release|Any CPU
		{2DF74F16-F086-4568-8913-F12373251DA9}.Release|Any CPU.Build.0 = Release|Any CPU
		{2DF74F16-F086-4568-8913-F12373251DA9}.Release|x64.ActiveCfg = Release|Any CPU
		{2DF74F16-F086-4568-8913-F12373251DA9}.Release|x64.Build.0 = Release|Any CPU
		{2DF74F16-F086-4568-8913-F12373251DA9}.Release|x86.ActiveCfg = Release|Any CPU
		{2DF74F16-F086-4568-8913-F12373251DA9}.Release|x86.Build.0 = Release|Any CPU
		{FF987041-F690-4592-ADFE-70F878C752AB}.Debug|Any CPU.ActiveCfg = Debug|Any CPU
		{FF987041-F690-4592-ADFE-70F878C752AB}.Debug|Any CPU.Build.0 = Debug|Any CPU
		{FF987041-F690-4592-ADFE-70F878C752AB}.Debug|x64.ActiveCfg = Debug|Any CPU
		{FF987041-F690-4592-ADFE-70F878C752AB}.Debug|x64.Build.0 = Debug|Any CPU
		{FF987041-F690-4592-ADFE-70F878C752AB}.Debug|x86.ActiveCfg = Debug|Any CPU
		{FF987041-F690-4592-ADFE-70F878C752AB}.Debug|x86.Build.0 = Debug|Any CPU
		{FF987041-F690-4592-ADFE-70F878C752AB}.Release|Any CPU.ActiveCfg = Release|Any CPU
		{FF987041-F690-4592-ADFE-70F878C752AB}.Release|Any CPU.Build.0 = Release|Any CPU
		{FF987041-F690-4592-ADFE-70F878C752AB}.Release|x64.ActiveCfg = Release|Any CPU
		{FF987041-F690-4592-ADFE-70F878C752AB}.Release|x64.Build.0 = Release|Any CPU
		{FF987041-F690-4592-ADFE-70F878C752AB}.Release|x86.ActiveCfg = Release|Any CPU
		{FF987041-F690-4592-ADFE-70F878C752AB}.Release|x86.Build.0 = Release|Any CPU
		{81ABF1C3-20B7-42C7-9DF8-0FE0237E3A1E}.Debug|Any CPU.ActiveCfg = Debug|Any CPU
		{81ABF1C3-20B7-42C7-9DF8-0FE0237E3A1E}.Debug|Any CPU.Build.0 = Debug|Any CPU
		{81ABF1C3-20B7-42C7-9DF8-0FE0237E3A1E}.Debug|x64.ActiveCfg = Debug|Any CPU
		{81ABF1C3-20B7-42C7-9DF8-0FE0237E3A1E}.Debug|x64.Build.0 = Debug|Any CPU
		{81ABF1C3-20B7-42C7-9DF8-0FE0237E3A1E}.Debug|x86.ActiveCfg = Debug|Any CPU
		{81ABF1C3-20B7-42C7-9DF8-0FE0237E3A1E}.Debug|x86.Build.0 = Debug|Any CPU
		{81ABF1C3-20B7-42C7-9DF8-0FE0237E3A1E}.Release|Any CPU.ActiveCfg = Release|Any CPU
		{81ABF1C3-20B7-42C7-9DF8-0FE0237E3A1E}.Release|Any CPU.Build.0 = Release|Any CPU
		{81ABF1C3-20B7-42C7-9DF8-0FE0237E3A1E}.Release|x64.ActiveCfg = Release|Any CPU
		{81ABF1C3-20B7-42C7-9DF8-0FE0237E3A1E}.Release|x64.Build.0 = Release|Any CPU
		{81ABF1C3-20B7-42C7-9DF8-0FE0237E3A1E}.Release|x86.ActiveCfg = Release|Any CPU
		{81ABF1C3-20B7-42C7-9DF8-0FE0237E3A1E}.Release|x86.Build.0 = Release|Any CPU
	EndGlobalSection
EndGlobal
